
Microsoft Visual Studio Solution File, Format Version 12.00
# Visual Studio 15
Project("{FAE04EC0-301F-11D3-BF4B-00C04F79EFBC}") = "Menu_jikken_240_4", "Menu_jikken_240_4.csproj", "{81D9FD31-0EA8-FE0A-3C61-84EAC98E7391}"
EndProject
Project("{FAE04EC0-301F-11D3-BF4B-00C04F79EFBC}") = "Menu_jikken_240_4.Editor", "Menu_jikken_240_4.Editor.csproj", "{C530EEF3-7D6F-9AE5-5DA1-0ECBC5AD142C}"
EndProject
Global
	GlobalSection(SolutionConfigurationPlatforms) = preSolution
		Debug|Any CPU = Debug|Any CPU
		Release|Any CPU = Release|Any CPU
	EndGlobalSection
	GlobalSection(ProjectConfigurationPlatforms) = postSolution
		{81D9FD31-0EA8-FE0A-3C61-84EAC98E7391}.Debug|Any CPU.ActiveCfg = Debug|Any CPU
		{81D9FD31-0EA8-FE0A-3C61-84EAC98E7391}.Debug|Any CPU.Build.0 = Debug|Any CPU
		{81D9FD31-0EA8-FE0A-3C61-84EAC98E7391}.Release|Any CPU.ActiveCfg = Release|Any CPU
		{81D9FD31-0EA8-FE0A-3C61-84EAC98E7391}.Release|Any CPU.Build.0 = Release|Any CPU
		{C530EEF3-7D6F-9AE5-5DA1-0ECBC5AD142C}.Debug|Any CPU.ActiveCfg = Debug|Any CPU
		{C530EEF3-7D6F-9AE5-5DA1-0ECBC5AD142C}.Debug|Any CPU.Build.0 = Debug|Any CPU
		{C530EEF3-7D6F-9AE5-5DA1-0ECBC5AD142C}.Release|Any CPU.ActiveCfg = Release|Any CPU
		{C530EEF3-7D6F-9AE5-5DA1-0ECBC5AD142C}.Release|Any CPU.Build.0 = Release|Any CPU
	EndGlobalSection
	GlobalSection(SolutionProperties) = preSolution
		HideSolutionNode = FALSE
	EndGlobalSection
EndGlobal
