
Microsoft Visual Studio Solution File, Format Version 12.00
# Visual Studio 15
Project("{FAE04EC0-301F-11D3-BF4B-00C04F79EFBC}") = "Menu_jikken_240_12", "Menu_jikken_240_12.csproj", "{15CAE39D-03E9-2259-830B-35EFD2B4F9E6}"
EndProject
Project("{FAE04EC0-301F-11D3-BF4B-00C04F79EFBC}") = "Menu_jikken_240_12.Editor", "Menu_jikken_240_12.Editor.csproj", "{50880A80-FE5F-3EF1-EA1C-4340EEF58F34}"
EndProject
Global
	GlobalSection(SolutionConfigurationPlatforms) = preSolution
		Debug|Any CPU = Debug|Any CPU
		Release|Any CPU = Release|Any CPU
	EndGlobalSection
	GlobalSection(ProjectConfigurationPlatforms) = postSolution
		{15CAE39D-03E9-2259-830B-35EFD2B4F9E6}.Debug|Any CPU.ActiveCfg = Debug|Any CPU
		{15CAE39D-03E9-2259-830B-35EFD2B4F9E6}.Debug|Any CPU.Build.0 = Debug|Any CPU
		{15CAE39D-03E9-2259-830B-35EFD2B4F9E6}.Release|Any CPU.ActiveCfg = Release|Any CPU
		{15CAE39D-03E9-2259-830B-35EFD2B4F9E6}.Release|Any CPU.Build.0 = Release|Any CPU
		{50880A80-FE5F-3EF1-EA1C-4340EEF58F34}.Debug|Any CPU.ActiveCfg = Debug|Any CPU
		{50880A80-FE5F-3EF1-EA1C-4340EEF58F34}.Debug|Any CPU.Build.0 = Debug|Any CPU
		{50880A80-FE5F-3EF1-EA1C-4340EEF58F34}.Release|Any CPU.ActiveCfg = Release|Any CPU
		{50880A80-FE5F-3EF1-EA1C-4340EEF58F34}.Release|Any CPU.Build.0 = Release|Any CPU
	EndGlobalSection
	GlobalSection(SolutionProperties) = preSolution
		HideSolutionNode = FALSE
	EndGlobalSection
EndGlobal
