
Microsoft Visual Studio Solution File, Format Version 12.00
# Visual Studio 15
Project("{FAE04EC0-301F-11D3-BF4B-00C04F79EFBC}") = "Menu_jikken_240_6", "Menu_jikken_240_6.csproj", "{85C352BF-A89F-7027-F2B0-D056B846C1B8}"
EndProject
Project("{FAE04EC0-301F-11D3-BF4B-00C04F79EFBC}") = "Menu_jikken_240_6.Editor", "Menu_jikken_240_6.Editor.csproj", "{3073E34B-8D4A-F6E8-3791-B6D5BED671D0}"
EndProject
Global
	GlobalSection(SolutionConfigurationPlatforms) = preSolution
		Debug|Any CPU = Debug|Any CPU
		Release|Any CPU = Release|Any CPU
	EndGlobalSection
	GlobalSection(ProjectConfigurationPlatforms) = postSolution
		{85C352BF-A89F-7027-F2B0-D056B846C1B8}.Debug|Any CPU.ActiveCfg = Debug|Any CPU
		{85C352BF-A89F-7027-F2B0-D056B846C1B8}.Debug|Any CPU.Build.0 = Debug|Any CPU
		{85C352BF-A89F-7027-F2B0-D056B846C1B8}.Release|Any CPU.ActiveCfg = Release|Any CPU
		{85C352BF-A89F-7027-F2B0-D056B846C1B8}.Release|Any CPU.Build.0 = Release|Any CPU
		{3073E34B-8D4A-F6E8-3791-B6D5BED671D0}.Debug|Any CPU.ActiveCfg = Debug|Any CPU
		{3073E34B-8D4A-F6E8-3791-B6D5BED671D0}.Debug|Any CPU.Build.0 = Debug|Any CPU
		{3073E34B-8D4A-F6E8-3791-B6D5BED671D0}.Release|Any CPU.ActiveCfg = Release|Any CPU
		{3073E34B-8D4A-F6E8-3791-B6D5BED671D0}.Release|Any CPU.Build.0 = Release|Any CPU
	EndGlobalSection
	GlobalSection(SolutionProperties) = preSolution
		HideSolutionNode = FALSE
	EndGlobalSection
EndGlobal
